
Microsoft Visual Studio Solution File, Format Version 12.00
# Visual Studio Version 17
VisualStudioVersion = 17.0.31919.166
MinimumVisualStudioVersion = 10.0.40219.1
Project("{9A19103F-16F7-4668-BE54-9A1E7A4F7556}") = "IcarusModManager", "IcarusModManager\IcarusModManager.csproj", "{408C7A84-D6C9-4C21-A6D0-52B56B02C56F}"
	ProjectSection(ProjectDependencies) = postProject
		{DC03779A-E493-43B6-AB7D-9A056ACF005B} = {DC03779A-E493-43B6-AB7D-9A056ACF005B}
	EndProjectSection
EndProject
Project("{9A19103F-16F7-4668-BE54-9A1E7A4F7556}") = "UAssetAPI", "UAssetAPI\UAssetAPI\UAssetAPI.csproj", "{178417EC-1177-413E-BE85-C83AECD64279}"
EndProject
Project("{9A19103F-16F7-4668-BE54-9A1E7A4F7556}") = "NetPak", "NetPak\NetPak\NetPak.csproj", "{DC03779A-E493-43B6-AB7D-9A056ACF005B}"
EndProject
Project("{930C7802-8A8C-48F9-8165-68863BCCD9DD}") = "Installer", "Installer\Installer.wixproj", "{1A08197D-4361-4145-929F-26DB224DA3F0}"
	ProjectSection(ProjectDependencies) = postProject
		{178417EC-1177-413E-BE85-C83AECD64279} = {178417EC-1177-413E-BE85-C83AECD64279}
		{408C7A84-D6C9-4C21-A6D0-52B56B02C56F} = {408C7A84-D6C9-4C21-A6D0-52B56B02C56F}
		{9BE04B96-A937-490F-8E1E-542DFB6F7E7D} = {9BE04B96-A937-490F-8E1E-542DFB6F7E7D}
		{DC03779A-E493-43B6-AB7D-9A056ACF005B} = {DC03779A-E493-43B6-AB7D-9A056ACF005B}
	EndProjectSection
EndProject
Project("{9A19103F-16F7-4668-BE54-9A1E7A4F7556}") = "EpicGames.Oodle", "NetPak\EpicGames.Oodle\EpicGames.Oodle.csproj", "{9BE04B96-A937-490F-8E1E-542DFB6F7E7D}"
EndProject
Global
	GlobalSection(SolutionConfigurationPlatforms) = preSolution
		Analyze|Any CPU = Analyze|Any CPU
		Analyze|x64 = Analyze|x64
		Analyze|x86 = Analyze|x86
		Debug|Any CPU = Debug|Any CPU
		Debug|x64 = Debug|x64
		Debug|x86 = Debug|x86
		Development|Any CPU = Development|Any CPU
		Development|x64 = Development|x64
		Development|x86 = Development|x86
		Release|Any CPU = Release|Any CPU
		Release|x64 = Release|x64
		Release|x86 = Release|x86
	EndGlobalSection
	GlobalSection(ProjectConfigurationPlatforms) = postSolution
		{408C7A84-D6C9-4C21-A6D0-52B56B02C56F}.Analyze|Any CPU.ActiveCfg = Release|x64
		{408C7A84-D6C9-4C21-A6D0-52B56B02C56F}.Analyze|Any CPU.Build.0 = Release|x64
		{408C7A84-D6C9-4C21-A6D0-52B56B02C56F}.Analyze|x64.ActiveCfg = Release|x64
		{408C7A84-D6C9-4C21-A6D0-52B56B02C56F}.Analyze|x64.Build.0 = Release|x64
		{408C7A84-D6C9-4C21-A6D0-52B56B02C56F}.Analyze|x86.ActiveCfg = Release|x64
		{408C7A84-D6C9-4C21-A6D0-52B56B02C56F}.Analyze|x86.Build.0 = Release|x64
		{408C7A84-D6C9-4C21-A6D0-52B56B02C56F}.Debug|Any CPU.ActiveCfg = Debug|x64
		{408C7A84-D6C9-4C21-A6D0-52B56B02C56F}.Debug|Any CPU.Build.0 = Debug|x64
		{408C7A84-D6C9-4C21-A6D0-52B56B02C56F}.Debug|x64.ActiveCfg = Debug|x64
		{408C7A84-D6C9-4C21-A6D0-52B56B02C56F}.Debug|x64.Build.0 = Debug|x64
		{408C7A84-D6C9-4C21-A6D0-52B56B02C56F}.Debug|x86.ActiveCfg = Debug|x64
		{408C7A84-D6C9-4C21-A6D0-52B56B02C56F}.Debug|x86.Build.0 = Debug|x64
		{408C7A84-D6C9-4C21-A6D0-52B56B02C56F}.Development|Any CPU.ActiveCfg = Debug|x64
		{408C7A84-D6C9-4C21-A6D0-52B56B02C56F}.Development|Any CPU.Build.0 = Debug|x64
		{408C7A84-D6C9-4C21-A6D0-52B56B02C56F}.Development|x64.ActiveCfg = Debug|x64
		{408C7A84-D6C9-4C21-A6D0-52B56B02C56F}.Development|x64.Build.0 = Debug|x64
		{408C7A84-D6C9-4C21-A6D0-52B56B02C56F}.Development|x86.ActiveCfg = Debug|x64
		{408C7A84-D6C9-4C21-A6D0-52B56B02C56F}.Development|x86.Build.0 = Debug|x64
		{408C7A84-D6C9-4C21-A6D0-52B56B02C56F}.Release|Any CPU.ActiveCfg = Release|x64
		{408C7A84-D6C9-4C21-A6D0-52B56B02C56F}.Release|Any CPU.Build.0 = Release|x64
		{408C7A84-D6C9-4C21-A6D0-52B56B02C56F}.Release|x64.ActiveCfg = Release|x64
		{408C7A84-D6C9-4C21-A6D0-52B56B02C56F}.Release|x64.Build.0 = Release|x64
		{408C7A84-D6C9-4C21-A6D0-52B56B02C56F}.Release|x86.ActiveCfg = Release|x64
		{408C7A84-D6C9-4C21-A6D0-52B56B02C56F}.Release|x86.Build.0 = Release|x64
		{178417EC-1177-413E-BE85-C83AECD64279}.Analyze|Any CPU.ActiveCfg = Debug Verbose|Any CPU
		{178417EC-1177-413E-BE85-C83AECD64279}.Analyze|Any CPU.Build.0 = Debug Verbose|Any CPU
		{178417EC-1177-413E-BE85-C83AECD64279}.Analyze|x64.ActiveCfg = Debug Verbose|Any CPU
		{178417EC-1177-413E-BE85-C83AECD64279}.Analyze|x64.Build.0 = Debug Verbose|Any CPU
		{178417EC-1177-413E-BE85-C83AECD64279}.Analyze|x86.ActiveCfg = Debug Verbose|Any CPU
		{178417EC-1177-413E-BE85-C83AECD64279}.Analyze|x86.Build.0 = Debug Verbose|Any CPU
		{178417EC-1177-413E-BE85-C83AECD64279}.Debug|Any CPU.ActiveCfg = Debug|Any CPU
		{178417EC-1177-413E-BE85-C83AECD64279}.Debug|Any CPU.Build.0 = Debug|Any CPU
		{178417EC-1177-413E-BE85-C83AECD64279}.Debug|x64.ActiveCfg = Debug|Any CPU
		{178417EC-1177-413E-BE85-C83AECD64279}.Debug|x64.Build.0 = Debug|Any CPU
		{178417EC-1177-413E-BE85-C83AECD64279}.Debug|x86.ActiveCfg = Debug|Any CPU
		{178417EC-1177-413E-BE85-C83AECD64279}.Debug|x86.Build.0 = Debug|Any CPU
		{178417EC-1177-413E-BE85-C83AECD64279}.Development|Any CPU.ActiveCfg = Debug Verbose|Any CPU
		{178417EC-1177-413E-BE85-C83AECD64279}.Development|Any CPU.Build.0 = Debug Verbose|Any CPU
		{178417EC-1177-413E-BE85-C83AECD64279}.Development|x64.ActiveCfg = Debug Verbose|Any CPU
		{178417EC-1177-413E-BE85-C83AECD64279}.Development|x64.Build.0 = Debug Verbose|Any CPU
		{178417EC-1177-413E-BE85-C83AECD64279}.Development|x86.ActiveCfg = Debug Verbose|Any CPU
		{178417EC-1177-413E-BE85-C83AECD64279}.Development|x86.Build.0 = Debug Verbose|Any CPU
		{178417EC-1177-413E-BE85-C83AECD64279}.Release|Any CPU.ActiveCfg = Release|Any CPU
		{178417EC-1177-413E-BE85-C83AECD64279}.Release|Any CPU.Build.0 = Release|Any CPU
		{178417EC-1177-413E-BE85-C83AECD64279}.Release|x64.ActiveCfg = Release|Any CPU
		{178417EC-1177-413E-BE85-C83AECD64279}.Release|x64.Build.0 = Release|Any CPU
		{178417EC-1177-413E-BE85-C83AECD64279}.Release|x86.ActiveCfg = Release|Any CPU
		{178417EC-1177-413E-BE85-C83AECD64279}.Release|x86.Build.0 = Release|Any CPU
		{DC03779A-E493-43B6-AB7D-9A056ACF005B}.Analyze|Any CPU.ActiveCfg = Release|x64
		{DC03779A-E493-43B6-AB7D-9A056ACF005B}.Analyze|Any CPU.Build.0 = Release|x64
		{DC03779A-E493-43B6-AB7D-9A056ACF005B}.Analyze|x64.ActiveCfg = Release|x64
		{DC03779A-E493-43B6-AB7D-9A056ACF005B}.Analyze|x64.Build.0 = Release|x64
		{DC03779A-E493-43B6-AB7D-9A056ACF005B}.Analyze|x86.ActiveCfg = Release|x64
		{DC03779A-E493-43B6-AB7D-9A056ACF005B}.Analyze|x86.Build.0 = Release|x64
		{DC03779A-E493-43B6-AB7D-9A056ACF005B}.Debug|Any CPU.ActiveCfg = Debug|x64
		{DC03779A-E493-43B6-AB7D-9A056ACF005B}.Debug|Any CPU.Build.0 = Debug|x64
		{DC03779A-E493-43B6-AB7D-9A056ACF005B}.Debug|x64.ActiveCfg = Debug|x64
		{DC03779A-E493-43B6-AB7D-9A056ACF005B}.Debug|x64.Build.0 = Debug|x64
		{DC03779A-E493-43B6-AB7D-9A056ACF005B}.Debug|x86.ActiveCfg = Debug|x64
		{DC03779A-E493-43B6-AB7D-9A056ACF005B}.Debug|x86.Build.0 = Debug|x64
		{DC03779A-E493-43B6-AB7D-9A056ACF005B}.Development|Any CPU.ActiveCfg = Debug|x64
		{DC03779A-E493-43B6-AB7D-9A056ACF005B}.Development|Any CPU.Build.0 = Debug|x64
		{DC03779A-E493-43B6-AB7D-9A056ACF005B}.Development|x64.ActiveCfg = Debug|x64
		{DC03779A-E493-43B6-AB7D-9A056ACF005B}.Development|x64.Build.0 = Debug|x64
		{DC03779A-E493-43B6-AB7D-9A056ACF005B}.Development|x86.ActiveCfg = Debug|x64
		{DC03779A-E493-43B6-AB7D-9A056ACF005B}.Development|x86.Build.0 = Debug|x64
		{DC03779A-E493-43B6-AB7D-9A056ACF005B}.Release|Any CPU.ActiveCfg = Release|x64
		{DC03779A-E493-43B6-AB7D-9A056ACF005B}.Release|Any CPU.Build.0 = Release|x64
		{DC03779A-E493-43B6-AB7D-9A056ACF005B}.Release|x64.ActiveCfg = Release|x64
		{DC03779A-E493-43B6-AB7D-9A056ACF005B}.Release|x64.Build.0 = Release|x64
		{DC03779A-E493-43B6-AB7D-9A056ACF005B}.Release|x86.ActiveCfg = Release|x64
		{DC03779A-E493-43B6-AB7D-9A056ACF005B}.Release|x86.Build.0 = Release|x64
		{1A08197D-4361-4145-929F-26DB224DA3F0}.Analyze|Any CPU.ActiveCfg = Debug|x64
		{1A08197D-4361-4145-929F-26DB224DA3F0}.Analyze|Any CPU.Build.0 = Debug|x64
		{1A08197D-4361-4145-929F-26DB224DA3F0}.Analyze|x64.ActiveCfg = Debug|x64
		{1A08197D-4361-4145-929F-26DB224DA3F0}.Analyze|x64.Build.0 = Debug|x64
		{1A08197D-4361-4145-929F-26DB224DA3F0}.Analyze|x86.ActiveCfg = Debug|x86
		{1A08197D-4361-4145-929F-26DB224DA3F0}.Analyze|x86.Build.0 = Debug|x86
		{1A08197D-4361-4145-929F-26DB224DA3F0}.Debug|Any CPU.ActiveCfg = Debug|x64
		{1A08197D-4361-4145-929F-26DB224DA3F0}.Debug|Any CPU.Build.0 = Debug|x64
		{1A08197D-4361-4145-929F-26DB224DA3F0}.Debug|x64.ActiveCfg = Release|x64
		{1A08197D-4361-4145-929F-26DB224DA3F0}.Debug|x86.ActiveCfg = Debug|x64
		{1A08197D-4361-4145-929F-26DB224DA3F0}.Development|Any CPU.ActiveCfg = Debug|x64
		{1A08197D-4361-4145-929F-26DB224DA3F0}.Development|Any CPU.Build.0 = Debug|x64
		{1A08197D-4361-4145-929F-26DB224DA3F0}.Development|x64.ActiveCfg = Debug|x64
		{1A08197D-4361-4145-929F-26DB224DA3F0}.Development|x64.Build.0 = Debug|x64
		{1A08197D-4361-4145-929F-26DB224DA3F0}.Development|x86.ActiveCfg = Debug|x86
		{1A08197D-4361-4145-929F-26DB224DA3F0}.Development|x86.Build.0 = Debug|x86
		{1A08197D-4361-4145-929F-26DB224DA3F0}.Release|Any CPU.ActiveCfg = Release|x64
		{1A08197D-4361-4145-929F-26DB224DA3F0}.Release|Any CPU.Build.0 = Release|x64
		{1A08197D-4361-4145-929F-26DB224DA3F0}.Release|x64.ActiveCfg = Release|x64
		{1A08197D-4361-4145-929F-26DB224DA3F0}.Release|x64.Build.0 = Release|x64
		{1A08197D-4361-4145-929F-26DB224DA3F0}.Release|x86.ActiveCfg = Release|x86
		{1A08197D-4361-4145-929F-26DB224DA3F0}.Release|x86.Build.0 = Release|x86
		{9BE04B96-A937-490F-8E1E-542DFB6F7E7D}.Analyze|Any CPU.ActiveCfg = Analyze|Any CPU
		{9BE04B96-A937-490F-8E1E-542DFB6F7E7D}.Analyze|Any CPU.Build.0 = Analyze|Any CPU
		{9BE04B96-A937-490F-8E1E-542DFB6F7E7D}.Analyze|x64.ActiveCfg = Analyze|Any CPU
		{9BE04B96-A937-490F-8E1E-542DFB6F7E7D}.Analyze|x64.Build.0 = Analyze|Any CPU
		{9BE04B96-A937-490F-8E1E-542DFB6F7E7D}.Analyze|x86.ActiveCfg = Analyze|Any CPU
		{9BE04B96-A937-490F-8E1E-542DFB6F7E7D}.Analyze|x86.Build.0 = Analyze|Any CPU
		{9BE04B96-A937-490F-8E1E-542DFB6F7E7D}.Debug|Any CPU.ActiveCfg = Debug|Any CPU
		{9BE04B96-A937-490F-8E1E-542DFB6F7E7D}.Debug|Any CPU.Build.0 = Debug|Any CPU
		{9BE04B96-A937-490F-8E1E-542DFB6F7E7D}.Debug|x64.ActiveCfg = Debug|Any CPU
		{9BE04B96-A937-490F-8E1E-542DFB6F7E7D}.Debug|x64.Build.0 = Debug|Any CPU
		{9BE04B96-A937-490F-8E1E-542DFB6F7E7D}.Debug|x86.ActiveCfg = Debug|Any CPU
		{9BE04B96-A937-490F-8E1E-542DFB6F7E7D}.Debug|x86.Build.0 = Debug|Any CPU
		{9BE04B96-A937-490F-8E1E-542DFB6F7E7D}.Development|Any CPU.ActiveCfg = Development|Any CPU
		{9BE04B96-A937-490F-8E1E-542DFB6F7E7D}.Development|Any CPU.Build.0 = Development|Any CPU
		{9BE04B96-A937-490F-8E1E-542DFB6F7E7D}.Development|x64.ActiveCfg = Development|Any CPU
		{9BE04B96-A937-490F-8E1E-542DFB6F7E7D}.Development|x64.Build.0 = Development|Any CPU
		{9BE04B96-A937-490F-8E1E-542DFB6F7E7D}.Development|x86.ActiveCfg = Development|Any CPU
		{9BE04B96-A937-490F-8E1E-542DFB6F7E7D}.Development|x86.Build.0 = Development|Any CPU
		{9BE04B96-A937-490F-8E1E-542DFB6F7E7D}.Release|Any CPU.ActiveCfg = Release|Any CPU
		{9BE04B96-A937-490F-8E1E-542DFB6F7E7D}.Release|Any CPU.Build.0 = Release|Any CPU
		{9BE04B96-A937-490F-8E1E-542DFB6F7E7D}.Release|x64.ActiveCfg = Release|Any CPU
		{9BE04B96-A937-490F-8E1E-542DFB6F7E7D}.Release|x64.Build.0 = Release|Any CPU
		{9BE04B96-A937-490F-8E1E-542DFB6F7E7D}.Release|x86.ActiveCfg = Release|Any CPU
		{9BE04B96-A937-490F-8E1E-542DFB6F7E7D}.Release|x86.Build.0 = Release|Any CPU
	EndGlobalSection
	GlobalSection(SolutionProperties) = preSolution
		HideSolutionNode = FALSE
	EndGlobalSection
	GlobalSection(ExtensibilityGlobals) = postSolution
		SolutionGuid = {F031BD1A-1CA5-4821-B6C3-ABFA89BBF67E}
	EndGlobalSection
EndGlobal
